
Microsoft Visual Studio Solution File, Format Version 12.00
# Visual Studio Version 17
VisualStudioVersion = 17.11.35327.3
MinimumVisualStudioVersion = 10.0.40219.1
Project("{9A19103F-16F7-4668-BE54-9A1E7A4F7556}") = "ProjectTemplate", "ProjectTemplate\ProjectTemplate.csproj", "{50FD9D3C-3777-4D2B-A154-8A8552BD5C54}"
EndProject
Project("{9A19103F-16F7-4668-BE54-9A1E7A4F7556}") = "TestProjectTemplate", "TestProjectTemplate\TestProjectTemplate.csproj", "{D4EFAAAF-67E5-44A6-82D7-80650341C6C1}"
EndProject
Project("{FAE04EC0-301F-11D3-BF4B-00C04F79EFBC}") = "Solution", "Solution\Solution.csproj", "{A11B0ADF-4DA4-41A7-83A9-A8343C2B25E1}"
EndProject
Global
	GlobalSection(SolutionConfigurationPlatforms) = preSolution
		Debug|Any CPU = Debug|Any CPU
		Release|Any CPU = Release|Any CPU
	EndGlobalSection
	GlobalSection(ProjectConfigurationPlatforms) = postSolution
		{50FD9D3C-3777-4D2B-A154-8A8552BD5C54}.Debug|Any CPU.ActiveCfg = Debug|Any CPU
		{50FD9D3C-3777-4D2B-A154-8A8552BD5C54}.Debug|Any CPU.Build.0 = Debug|Any CPU
		{50FD9D3C-3777-4D2B-A154-8A8552BD5C54}.Release|Any CPU.ActiveCfg = Release|Any CPU
		{50FD9D3C-3777-4D2B-A154-8A8552BD5C54}.Release|Any CPU.Build.0 = Release|Any CPU
		{D4EFAAAF-67E5-44A6-82D7-80650341C6C1}.Debug|Any CPU.ActiveCfg = Debug|Any CPU
		{D4EFAAAF-67E5-44A6-82D7-80650341C6C1}.Debug|Any CPU.Build.0 = Debug|Any CPU
		{D4EFAAAF-67E5-44A6-82D7-80650341C6C1}.Release|Any CPU.ActiveCfg = Release|Any CPU
		{D4EFAAAF-67E5-44A6-82D7-80650341C6C1}.Release|Any CPU.Build.0 = Release|Any CPU
		{A11B0ADF-4DA4-41A7-83A9-A8343C2B25E1}.Debug|Any CPU.ActiveCfg = Debug|Any CPU
		{A11B0ADF-4DA4-41A7-83A9-A8343C2B25E1}.Debug|Any CPU.Build.0 = Debug|Any CPU
		{A11B0ADF-4DA4-41A7-83A9-A8343C2B25E1}.Release|Any CPU.ActiveCfg = Release|Any CPU
		{A11B0ADF-4DA4-41A7-83A9-A8343C2B25E1}.Release|Any CPU.Build.0 = Release|Any CPU
	EndGlobalSection
	GlobalSection(SolutionProperties) = preSolution
		HideSolutionNode = FALSE
	EndGlobalSection
	GlobalSection(ExtensibilityGlobals) = postSolution
		SolutionGuid = {5FAE8B5B-DFA4-4669-AD43-51550DF831D1}
	EndGlobalSection
EndGlobal
